
Microsoft Visual Studio Solution File, Format Version 12.00
# Visual Studio Version 17
VisualStudioVersion = 17.0.32112.339
MinimumVisualStudioVersion = 10.0.40219.1
Project("{9A19103F-16F7-4668-BE54-9A1E7A4F7556}") = "Cli", "Cli\Cli.csproj", "{98EF8FEA-78EF-49C8-8F41-6026FE38B91A}"
EndProject
Project("{9A19103F-16F7-4668-BE54-9A1E7A4F7556}") = "DLNAMediaRepos", "DLNAMediaRepos\DLNAMediaRepos.csproj", "{954564BB-3B7C-413D-93DC-C6B254288164}"
EndProject
Project("{9A19103F-16F7-4668-BE54-9A1E7A4F7556}") = "ConGui", "ConGui\ConGui.csproj", "{D1192C1A-166F-4CAA-8EE7-FFB56977D0B4}"
EndProject
Project("{9A19103F-16F7-4668-BE54-9A1E7A4F7556}") = "AudioCollectionApi", "AudioCollection\AudioCollectionApi.csproj", "{A95B95A8-7BA7-4F92-9D6C-0D24F8D1C34A}"
EndProject
Project("{2150E333-8FDC-42A3-9474-1A3956D46DE8}") = "Projektmappenelemente", "Projektmappenelemente", "{67F20CC1-71D5-4F00-9620-A4D57D453280}"
	ProjectSection(SolutionItems) = preProject
		.github\workflows\build-msix-pkg.yml = .github\workflows\build-msix-pkg.yml
	EndProjectSection
EndProject
Project("{9A19103F-16F7-4668-BE54-9A1E7A4F7556}") = "AudioCollectionImpl", "AudioCollectionImpl\AudioCollectionImpl.csproj", "{5310463C-B266-4B2A-8CE1-91C4F5635276}"
EndProject
Project("{9A19103F-16F7-4668-BE54-9A1E7A4F7556}") = "TestServers", "TestServers\TestServers.csproj", "{92E02CF7-57E4-4EE6-86ED-10F8AE9B9A33}"
EndProject
Project("{9A19103F-16F7-4668-BE54-9A1E7A4F7556}") = "WinUiHomeAudio", "WinUiHomeAudio\WinUiHomeAudio.csproj", "{EAC26392-C96C-4871-8F86-E679370CEED5}"
EndProject
Project("{9A19103F-16F7-4668-BE54-9A1E7A4F7556}") = "AvaloniaHomeAudio", "AvaloniaHomeAudio\AvaloniaHomeAudio.csproj", "{914BA507-340B-4867-9FAA-D85F04B609EE}"
EndProject
Project("{9A19103F-16F7-4668-BE54-9A1E7A4F7556}") = "AvaloniaHomeAudio.Android", "AvaloniaHomeAudio.Android\AvaloniaHomeAudio.Android.csproj", "{305F7753-EA06-4554-ADB3-B7C689662132}"
EndProject
Project("{9A19103F-16F7-4668-BE54-9A1E7A4F7556}") = "AvaloniaHomeAudio.Desktop", "AvaloniaHomeAudio.Desktop\AvaloniaHomeAudio.Desktop.csproj", "{505295CA-B9B1-42CD-A0C2-2AD87D37B85F}"
EndProject
Global
	GlobalSection(SolutionConfigurationPlatforms) = preSolution
		Debug|Any CPU = Debug|Any CPU
		Debug|ARM64 = Debug|ARM64
		Debug|x64 = Debug|x64
		Debug|x86 = Debug|x86
		Release|Any CPU = Release|Any CPU
		Release|ARM64 = Release|ARM64
		Release|x64 = Release|x64
		Release|x86 = Release|x86
	EndGlobalSection
	GlobalSection(ProjectConfigurationPlatforms) = postSolution
		{98EF8FEA-78EF-49C8-8F41-6026FE38B91A}.Debug|Any CPU.ActiveCfg = Debug|Any CPU
		{98EF8FEA-78EF-49C8-8F41-6026FE38B91A}.Debug|Any CPU.Build.0 = Debug|Any CPU
		{98EF8FEA-78EF-49C8-8F41-6026FE38B91A}.Debug|ARM64.ActiveCfg = Debug|Any CPU
		{98EF8FEA-78EF-49C8-8F41-6026FE38B91A}.Debug|ARM64.Build.0 = Debug|Any CPU
		{98EF8FEA-78EF-49C8-8F41-6026FE38B91A}.Debug|x64.ActiveCfg = Debug|Any CPU
		{98EF8FEA-78EF-49C8-8F41-6026FE38B91A}.Debug|x64.Build.0 = Debug|Any CPU
		{98EF8FEA-78EF-49C8-8F41-6026FE38B91A}.Debug|x86.ActiveCfg = Debug|Any CPU
		{98EF8FEA-78EF-49C8-8F41-6026FE38B91A}.Debug|x86.Build.0 = Debug|Any CPU
		{98EF8FEA-78EF-49C8-8F41-6026FE38B91A}.Release|Any CPU.ActiveCfg = Release|Any CPU
		{98EF8FEA-78EF-49C8-8F41-6026FE38B91A}.Release|Any CPU.Build.0 = Release|Any CPU
		{98EF8FEA-78EF-49C8-8F41-6026FE38B91A}.Release|ARM64.ActiveCfg = Release|Any CPU
		{98EF8FEA-78EF-49C8-8F41-6026FE38B91A}.Release|ARM64.Build.0 = Release|Any CPU
		{98EF8FEA-78EF-49C8-8F41-6026FE38B91A}.Release|x64.ActiveCfg = Release|Any CPU
		{98EF8FEA-78EF-49C8-8F41-6026FE38B91A}.Release|x64.Build.0 = Release|Any CPU
		{98EF8FEA-78EF-49C8-8F41-6026FE38B91A}.Release|x86.ActiveCfg = Release|Any CPU
		{98EF8FEA-78EF-49C8-8F41-6026FE38B91A}.Release|x86.Build.0 = Release|Any CPU
		{954564BB-3B7C-413D-93DC-C6B254288164}.Debug|Any CPU.ActiveCfg = Debug|Any CPU
		{954564BB-3B7C-413D-93DC-C6B254288164}.Debug|Any CPU.Build.0 = Debug|Any CPU
		{954564BB-3B7C-413D-93DC-C6B254288164}.Debug|ARM64.ActiveCfg = Debug|Any CPU
		{954564BB-3B7C-413D-93DC-C6B254288164}.Debug|ARM64.Build.0 = Debug|Any CPU
		{954564BB-3B7C-413D-93DC-C6B254288164}.Debug|x64.ActiveCfg = Debug|Any CPU
		{954564BB-3B7C-413D-93DC-C6B254288164}.Debug|x64.Build.0 = Debug|Any CPU
		{954564BB-3B7C-413D-93DC-C6B254288164}.Debug|x86.ActiveCfg = Debug|Any CPU
		{954564BB-3B7C-413D-93DC-C6B254288164}.Debug|x86.Build.0 = Debug|Any CPU
		{954564BB-3B7C-413D-93DC-C6B254288164}.Release|Any CPU.ActiveCfg = Release|Any CPU
		{954564BB-3B7C-413D-93DC-C6B254288164}.Release|Any CPU.Build.0 = Release|Any CPU
		{954564BB-3B7C-413D-93DC-C6B254288164}.Release|ARM64.ActiveCfg = Release|Any CPU
		{954564BB-3B7C-413D-93DC-C6B254288164}.Release|ARM64.Build.0 = Release|Any CPU
		{954564BB-3B7C-413D-93DC-C6B254288164}.Release|x64.ActiveCfg = Release|Any CPU
		{954564BB-3B7C-413D-93DC-C6B254288164}.Release|x64.Build.0 = Release|Any CPU
		{954564BB-3B7C-413D-93DC-C6B254288164}.Release|x86.ActiveCfg = Release|Any CPU
		{954564BB-3B7C-413D-93DC-C6B254288164}.Release|x86.Build.0 = Release|Any CPU
		{D1192C1A-166F-4CAA-8EE7-FFB56977D0B4}.Debug|Any CPU.ActiveCfg = Debug|Any CPU
		{D1192C1A-166F-4CAA-8EE7-FFB56977D0B4}.Debug|Any CPU.Build.0 = Debug|Any CPU
		{D1192C1A-166F-4CAA-8EE7-FFB56977D0B4}.Debug|ARM64.ActiveCfg = Debug|Any CPU
		{D1192C1A-166F-4CAA-8EE7-FFB56977D0B4}.Debug|ARM64.Build.0 = Debug|Any CPU
		{D1192C1A-166F-4CAA-8EE7-FFB56977D0B4}.Debug|x64.ActiveCfg = Debug|Any CPU
		{D1192C1A-166F-4CAA-8EE7-FFB56977D0B4}.Debug|x64.Build.0 = Debug|Any CPU
		{D1192C1A-166F-4CAA-8EE7-FFB56977D0B4}.Debug|x86.ActiveCfg = Debug|Any CPU
		{D1192C1A-166F-4CAA-8EE7-FFB56977D0B4}.Debug|x86.Build.0 = Debug|Any CPU
		{D1192C1A-166F-4CAA-8EE7-FFB56977D0B4}.Release|Any CPU.ActiveCfg = Release|Any CPU
		{D1192C1A-166F-4CAA-8EE7-FFB56977D0B4}.Release|Any CPU.Build.0 = Release|Any CPU
		{D1192C1A-166F-4CAA-8EE7-FFB56977D0B4}.Release|ARM64.ActiveCfg = Release|Any CPU
		{D1192C1A-166F-4CAA-8EE7-FFB56977D0B4}.Release|ARM64.Build.0 = Release|Any CPU
		{D1192C1A-166F-4CAA-8EE7-FFB56977D0B4}.Release|x64.ActiveCfg = Release|Any CPU
		{D1192C1A-166F-4CAA-8EE7-FFB56977D0B4}.Release|x64.Build.0 = Release|Any CPU
		{D1192C1A-166F-4CAA-8EE7-FFB56977D0B4}.Release|x86.ActiveCfg = Release|Any CPU
		{D1192C1A-166F-4CAA-8EE7-FFB56977D0B4}.Release|x86.Build.0 = Release|Any CPU
		{A95B95A8-7BA7-4F92-9D6C-0D24F8D1C34A}.Debug|Any CPU.ActiveCfg = Debug|Any CPU
		{A95B95A8-7BA7-4F92-9D6C-0D24F8D1C34A}.Debug|Any CPU.Build.0 = Debug|Any CPU
		{A95B95A8-7BA7-4F92-9D6C-0D24F8D1C34A}.Debug|ARM64.ActiveCfg = Debug|Any CPU
		{A95B95A8-7BA7-4F92-9D6C-0D24F8D1C34A}.Debug|ARM64.Build.0 = Debug|Any CPU
		{A95B95A8-7BA7-4F92-9D6C-0D24F8D1C34A}.Debug|x64.ActiveCfg = Debug|Any CPU
		{A95B95A8-7BA7-4F92-9D6C-0D24F8D1C34A}.Debug|x64.Build.0 = Debug|Any CPU
		{A95B95A8-7BA7-4F92-9D6C-0D24F8D1C34A}.Debug|x86.ActiveCfg = Debug|Any CPU
		{A95B95A8-7BA7-4F92-9D6C-0D24F8D1C34A}.Debug|x86.Build.0 = Debug|Any CPU
		{A95B95A8-7BA7-4F92-9D6C-0D24F8D1C34A}.Release|Any CPU.ActiveCfg = Release|Any CPU
		{A95B95A8-7BA7-4F92-9D6C-0D24F8D1C34A}.Release|Any CPU.Build.0 = Release|Any CPU
		{A95B95A8-7BA7-4F92-9D6C-0D24F8D1C34A}.Release|ARM64.ActiveCfg = Release|Any CPU
		{A95B95A8-7BA7-4F92-9D6C-0D24F8D1C34A}.Release|ARM64.Build.0 = Release|Any CPU
		{A95B95A8-7BA7-4F92-9D6C-0D24F8D1C34A}.Release|x64.ActiveCfg = Release|Any CPU
		{A95B95A8-7BA7-4F92-9D6C-0D24F8D1C34A}.Release|x64.Build.0 = Release|Any CPU
		{A95B95A8-7BA7-4F92-9D6C-0D24F8D1C34A}.Release|x86.ActiveCfg = Release|Any CPU
		{A95B95A8-7BA7-4F92-9D6C-0D24F8D1C34A}.Release|x86.Build.0 = Release|Any CPU
		{5310463C-B266-4B2A-8CE1-91C4F5635276}.Debug|Any CPU.ActiveCfg = Debug|Any CPU
		{5310463C-B266-4B2A-8CE1-91C4F5635276}.Debug|Any CPU.Build.0 = Debug|Any CPU
		{5310463C-B266-4B2A-8CE1-91C4F5635276}.Debug|ARM64.ActiveCfg = Debug|Any CPU
		{5310463C-B266-4B2A-8CE1-91C4F5635276}.Debug|ARM64.Build.0 = Debug|Any CPU
		{5310463C-B266-4B2A-8CE1-91C4F5635276}.Debug|x64.ActiveCfg = Debug|Any CPU
		{5310463C-B266-4B2A-8CE1-91C4F5635276}.Debug|x64.Build.0 = Debug|Any CPU
		{5310463C-B266-4B2A-8CE1-91C4F5635276}.Debug|x86.ActiveCfg = Debug|Any CPU
		{5310463C-B266-4B2A-8CE1-91C4F5635276}.Debug|x86.Build.0 = Debug|Any CPU
		{5310463C-B266-4B2A-8CE1-91C4F5635276}.Release|Any CPU.ActiveCfg = Release|Any CPU
		{5310463C-B266-4B2A-8CE1-91C4F5635276}.Release|Any CPU.Build.0 = Release|Any CPU
		{5310463C-B266-4B2A-8CE1-91C4F5635276}.Release|ARM64.ActiveCfg = Release|Any CPU
		{5310463C-B266-4B2A-8CE1-91C4F5635276}.Release|ARM64.Build.0 = Release|Any CPU
		{5310463C-B266-4B2A-8CE1-91C4F5635276}.Release|x64.ActiveCfg = Release|Any CPU
		{5310463C-B266-4B2A-8CE1-91C4F5635276}.Release|x64.Build.0 = Release|Any CPU
		{5310463C-B266-4B2A-8CE1-91C4F5635276}.Release|x86.ActiveCfg = Release|Any CPU
		{5310463C-B266-4B2A-8CE1-91C4F5635276}.Release|x86.Build.0 = Release|Any CPU
		{92E02CF7-57E4-4EE6-86ED-10F8AE9B9A33}.Debug|Any CPU.ActiveCfg = Debug|Any CPU
		{92E02CF7-57E4-4EE6-86ED-10F8AE9B9A33}.Debug|Any CPU.Build.0 = Debug|Any CPU
		{92E02CF7-57E4-4EE6-86ED-10F8AE9B9A33}.Debug|ARM64.ActiveCfg = Debug|Any CPU
		{92E02CF7-57E4-4EE6-86ED-10F8AE9B9A33}.Debug|ARM64.Build.0 = Debug|Any CPU
		{92E02CF7-57E4-4EE6-86ED-10F8AE9B9A33}.Debug|x64.ActiveCfg = Debug|Any CPU
		{92E02CF7-57E4-4EE6-86ED-10F8AE9B9A33}.Debug|x64.Build.0 = Debug|Any CPU
		{92E02CF7-57E4-4EE6-86ED-10F8AE9B9A33}.Debug|x86.ActiveCfg = Debug|Any CPU
		{92E02CF7-57E4-4EE6-86ED-10F8AE9B9A33}.Debug|x86.Build.0 = Debug|Any CPU
		{92E02CF7-57E4-4EE6-86ED-10F8AE9B9A33}.Release|Any CPU.ActiveCfg = Release|Any CPU
		{92E02CF7-57E4-4EE6-86ED-10F8AE9B9A33}.Release|Any CPU.Build.0 = Release|Any CPU
		{92E02CF7-57E4-4EE6-86ED-10F8AE9B9A33}.Release|ARM64.ActiveCfg = Release|Any CPU
		{92E02CF7-57E4-4EE6-86ED-10F8AE9B9A33}.Release|ARM64.Build.0 = Release|Any CPU
		{92E02CF7-57E4-4EE6-86ED-10F8AE9B9A33}.Release|x64.ActiveCfg = Release|Any CPU
		{92E02CF7-57E4-4EE6-86ED-10F8AE9B9A33}.Release|x64.Build.0 = Release|Any CPU
		{92E02CF7-57E4-4EE6-86ED-10F8AE9B9A33}.Release|x86.ActiveCfg = Release|Any CPU
		{92E02CF7-57E4-4EE6-86ED-10F8AE9B9A33}.Release|x86.Build.0 = Release|Any CPU
		{EAC26392-C96C-4871-8F86-E679370CEED5}.Debug|Any CPU.ActiveCfg = Debug|x64
		{EAC26392-C96C-4871-8F86-E679370CEED5}.Debug|Any CPU.Build.0 = Debug|x64
		{EAC26392-C96C-4871-8F86-E679370CEED5}.Debug|Any CPU.Deploy.0 = Debug|x64
		{EAC26392-C96C-4871-8F86-E679370CEED5}.Debug|ARM64.ActiveCfg = Debug|ARM64
		{EAC26392-C96C-4871-8F86-E679370CEED5}.Debug|ARM64.Build.0 = Debug|ARM64
		{EAC26392-C96C-4871-8F86-E679370CEED5}.Debug|ARM64.Deploy.0 = Debug|ARM64
		{EAC26392-C96C-4871-8F86-E679370CEED5}.Debug|x64.ActiveCfg = Debug|x64
		{EAC26392-C96C-4871-8F86-E679370CEED5}.Debug|x64.Build.0 = Debug|x64
		{EAC26392-C96C-4871-8F86-E679370CEED5}.Debug|x64.Deploy.0 = Debug|x64
		{EAC26392-C96C-4871-8F86-E679370CEED5}.Debug|x86.ActiveCfg = Debug|x86
		{EAC26392-C96C-4871-8F86-E679370CEED5}.Debug|x86.Build.0 = Debug|x86
		{EAC26392-C96C-4871-8F86-E679370CEED5}.Debug|x86.Deploy.0 = Debug|x86
		{EAC26392-C96C-4871-8F86-E679370CEED5}.Release|Any CPU.ActiveCfg = Release|x64
		{EAC26392-C96C-4871-8F86-E679370CEED5}.Release|Any CPU.Build.0 = Release|x64
		{EAC26392-C96C-4871-8F86-E679370CEED5}.Release|Any CPU.Deploy.0 = Release|x64
		{EAC26392-C96C-4871-8F86-E679370CEED5}.Release|ARM64.ActiveCfg = Release|ARM64
		{EAC26392-C96C-4871-8F86-E679370CEED5}.Release|ARM64.Build.0 = Release|ARM64
		{EAC26392-C96C-4871-8F86-E679370CEED5}.Release|ARM64.Deploy.0 = Release|ARM64
		{EAC26392-C96C-4871-8F86-E679370CEED5}.Release|x64.ActiveCfg = Release|x64
		{EAC26392-C96C-4871-8F86-E679370CEED5}.Release|x64.Build.0 = Release|x64
		{EAC26392-C96C-4871-8F86-E679370CEED5}.Release|x64.Deploy.0 = Release|x64
		{EAC26392-C96C-4871-8F86-E679370CEED5}.Release|x86.ActiveCfg = Release|x86
		{EAC26392-C96C-4871-8F86-E679370CEED5}.Release|x86.Build.0 = Release|x86
		{EAC26392-C96C-4871-8F86-E679370CEED5}.Release|x86.Deploy.0 = Release|x86
		{914BA507-340B-4867-9FAA-D85F04B609EE}.Debug|Any CPU.ActiveCfg = Debug|Any CPU
		{914BA507-340B-4867-9FAA-D85F04B609EE}.Debug|Any CPU.Build.0 = Debug|Any CPU
		{914BA507-340B-4867-9FAA-D85F04B609EE}.Debug|ARM64.ActiveCfg = Debug|Any CPU
		{914BA507-340B-4867-9FAA-D85F04B609EE}.Debug|ARM64.Build.0 = Debug|Any CPU
		{914BA507-340B-4867-9FAA-D85F04B609EE}.Debug|x64.ActiveCfg = Debug|Any CPU
		{914BA507-340B-4867-9FAA-D85F04B609EE}.Debug|x64.Build.0 = Debug|Any CPU
		{914BA507-340B-4867-9FAA-D85F04B609EE}.Debug|x86.ActiveCfg = Debug|Any CPU
		{914BA507-340B-4867-9FAA-D85F04B609EE}.Debug|x86.Build.0 = Debug|Any CPU
		{914BA507-340B-4867-9FAA-D85F04B609EE}.Release|Any CPU.ActiveCfg = Release|Any CPU
		{914BA507-340B-4867-9FAA-D85F04B609EE}.Release|Any CPU.Build.0 = Release|Any CPU
		{914BA507-340B-4867-9FAA-D85F04B609EE}.Release|ARM64.ActiveCfg = Release|Any CPU
		{914BA507-340B-4867-9FAA-D85F04B609EE}.Release|ARM64.Build.0 = Release|Any CPU
		{914BA507-340B-4867-9FAA-D85F04B609EE}.Release|x64.ActiveCfg = Release|Any CPU
		{914BA507-340B-4867-9FAA-D85F04B609EE}.Release|x64.Build.0 = Release|Any CPU
		{914BA507-340B-4867-9FAA-D85F04B609EE}.Release|x86.ActiveCfg = Release|Any CPU
		{914BA507-340B-4867-9FAA-D85F04B609EE}.Release|x86.Build.0 = Release|Any CPU
		{305F7753-EA06-4554-ADB3-B7C689662132}.Debug|Any CPU.ActiveCfg = Debug|Any CPU
		{305F7753-EA06-4554-ADB3-B7C689662132}.Debug|Any CPU.Build.0 = Debug|Any CPU
		{305F7753-EA06-4554-ADB3-B7C689662132}.Debug|Any CPU.Deploy.0 = Debug|Any CPU
		{305F7753-EA06-4554-ADB3-B7C689662132}.Debug|ARM64.ActiveCfg = Debug|Any CPU
		{305F7753-EA06-4554-ADB3-B7C689662132}.Debug|ARM64.Build.0 = Debug|Any CPU
		{305F7753-EA06-4554-ADB3-B7C689662132}.Debug|ARM64.Deploy.0 = Debug|Any CPU
		{305F7753-EA06-4554-ADB3-B7C689662132}.Debug|x64.ActiveCfg = Debug|Any CPU
		{305F7753-EA06-4554-ADB3-B7C689662132}.Debug|x64.Build.0 = Debug|Any CPU
		{305F7753-EA06-4554-ADB3-B7C689662132}.Debug|x64.Deploy.0 = Debug|Any CPU
		{305F7753-EA06-4554-ADB3-B7C689662132}.Debug|x86.ActiveCfg = Debug|Any CPU
		{305F7753-EA06-4554-ADB3-B7C689662132}.Debug|x86.Build.0 = Debug|Any CPU
		{305F7753-EA06-4554-ADB3-B7C689662132}.Debug|x86.Deploy.0 = Debug|Any CPU
		{305F7753-EA06-4554-ADB3-B7C689662132}.Release|Any CPU.ActiveCfg = Release|Any CPU
		{305F7753-EA06-4554-ADB3-B7C689662132}.Release|Any CPU.Build.0 = Release|Any CPU
		{305F7753-EA06-4554-ADB3-B7C689662132}.Release|Any CPU.Deploy.0 = Release|Any CPU
		{305F7753-EA06-4554-ADB3-B7C689662132}.Release|ARM64.ActiveCfg = Release|Any CPU
		{305F7753-EA06-4554-ADB3-B7C689662132}.Release|ARM64.Build.0 = Release|Any CPU
		{305F7753-EA06-4554-ADB3-B7C689662132}.Release|ARM64.Deploy.0 = Release|Any CPU
		{305F7753-EA06-4554-ADB3-B7C689662132}.Release|x64.ActiveCfg = Release|Any CPU
		{305F7753-EA06-4554-ADB3-B7C689662132}.Release|x64.Build.0 = Release|Any CPU
		{305F7753-EA06-4554-ADB3-B7C689662132}.Release|x64.Deploy.0 = Release|Any CPU
		{305F7753-EA06-4554-ADB3-B7C689662132}.Release|x86.ActiveCfg = Release|Any CPU
		{305F7753-EA06-4554-ADB3-B7C689662132}.Release|x86.Build.0 = Release|Any CPU
		{305F7753-EA06-4554-ADB3-B7C689662132}.Release|x86.Deploy.0 = Release|Any CPU
		{505295CA-B9B1-42CD-A0C2-2AD87D37B85F}.Debug|Any CPU.ActiveCfg = Debug|Any CPU
		{505295CA-B9B1-42CD-A0C2-2AD87D37B85F}.Debug|Any CPU.Build.0 = Debug|Any CPU
		{505295CA-B9B1-42CD-A0C2-2AD87D37B85F}.Debug|ARM64.ActiveCfg = Debug|Any CPU
		{505295CA-B9B1-42CD-A0C2-2AD87D37B85F}.Debug|ARM64.Build.0 = Debug|Any CPU
		{505295CA-B9B1-42CD-A0C2-2AD87D37B85F}.Debug|x64.ActiveCfg = Debug|Any CPU
		{505295CA-B9B1-42CD-A0C2-2AD87D37B85F}.Debug|x64.Build.0 = Debug|Any CPU
		{505295CA-B9B1-42CD-A0C2-2AD87D37B85F}.Debug|x86.ActiveCfg = Debug|Any CPU
		{505295CA-B9B1-42CD-A0C2-2AD87D37B85F}.Debug|x86.Build.0 = Debug|Any CPU
		{505295CA-B9B1-42CD-A0C2-2AD87D37B85F}.Release|Any CPU.ActiveCfg = Release|Any CPU
		{505295CA-B9B1-42CD-A0C2-2AD87D37B85F}.Release|Any CPU.Build.0 = Release|Any CPU
		{505295CA-B9B1-42CD-A0C2-2AD87D37B85F}.Release|ARM64.ActiveCfg = Release|Any CPU
		{505295CA-B9B1-42CD-A0C2-2AD87D37B85F}.Release|ARM64.Build.0 = Release|Any CPU
		{505295CA-B9B1-42CD-A0C2-2AD87D37B85F}.Release|x64.ActiveCfg = Release|Any CPU
		{505295CA-B9B1-42CD-A0C2-2AD87D37B85F}.Release|x64.Build.0 = Release|Any CPU
		{505295CA-B9B1-42CD-A0C2-2AD87D37B85F}.Release|x86.ActiveCfg = Release|Any CPU
		{505295CA-B9B1-42CD-A0C2-2AD87D37B85F}.Release|x86.Build.0 = Release|Any CPU
	EndGlobalSection
	GlobalSection(SolutionProperties) = preSolution
		HideSolutionNode = FALSE
	EndGlobalSection
	GlobalSection(ExtensibilityGlobals) = postSolution
		SolutionGuid = {8CA15E28-AD49-4C2D-B763-F66FB7040DB3}
	EndGlobalSection
EndGlobal
