
Microsoft Visual Studio Solution File, Format Version 12.00
# Visual Studio Version 17
VisualStudioVersion = 17.0.32112.339
MinimumVisualStudioVersion = 10.0.40219.1
Project("{9A19103F-16F7-4668-BE54-9A1E7A4F7556}") = "Cli", "Cli\Cli.csproj", "{98EF8FEA-78EF-49C8-8F41-6026FE38B91A}"
EndProject
Project("{9A19103F-16F7-4668-BE54-9A1E7A4F7556}") = "QueueCaster", "QueueCaster\QueueCaster.csproj", "{6EC4F600-0372-4099-B1F4-EB24D82172DA}"
EndProject
Project("{9A19103F-16F7-4668-BE54-9A1E7A4F7556}") = "DLNAMediaRepos", "DLNAMediaRepos\DLNAMediaRepos.csproj", "{954564BB-3B7C-413D-93DC-C6B254288164}"
EndProject
Project("{9A19103F-16F7-4668-BE54-9A1E7A4F7556}") = "ConGui", "ConGui\ConGui.csproj", "{D1192C1A-166F-4CAA-8EE7-FFB56977D0B4}"
EndProject
Project("{9A19103F-16F7-4668-BE54-9A1E7A4F7556}") = "AudioCollection", "AudioCollection\AudioCollection.csproj", "{A95B95A8-7BA7-4F92-9D6C-0D24F8D1C34A}"
EndProject
Project("{9A19103F-16F7-4668-BE54-9A1E7A4F7556}") = "WinGuiPackaged", "WinGuiPackaged\WinGuiPackaged.csproj", "{6EB9CBDE-FDE1-4E91-B6B0-9E46F9F9B0AA}"
EndProject
Project("{9A19103F-16F7-4668-BE54-9A1E7A4F7556}") = "MauiGUI", "MauiGUI\MauiGUI.csproj", "{684FC41D-63B0-4A3E-9FE6-E172FC17716C}"
EndProject
Project("{FAE04EC0-301F-11D3-BF4B-00C04F79EFBC}") = "MyHomeAudio", "MyHomeAudio\MyHomeAudio.csproj", "{021B0BB8-CEAB-4BC4-AA22-B46AA3D8BFAD}"
EndProject
Global
	GlobalSection(SolutionConfigurationPlatforms) = preSolution
		Debug|Any CPU = Debug|Any CPU
		Debug|ARM64 = Debug|ARM64
		Debug|x64 = Debug|x64
		Debug|x86 = Debug|x86
		Release|Any CPU = Release|Any CPU
		Release|ARM64 = Release|ARM64
		Release|x64 = Release|x64
		Release|x86 = Release|x86
	EndGlobalSection
	GlobalSection(ProjectConfigurationPlatforms) = postSolution
		{98EF8FEA-78EF-49C8-8F41-6026FE38B91A}.Debug|Any CPU.ActiveCfg = Debug|Any CPU
		{98EF8FEA-78EF-49C8-8F41-6026FE38B91A}.Debug|Any CPU.Build.0 = Debug|Any CPU
		{98EF8FEA-78EF-49C8-8F41-6026FE38B91A}.Debug|ARM64.ActiveCfg = Debug|Any CPU
		{98EF8FEA-78EF-49C8-8F41-6026FE38B91A}.Debug|ARM64.Build.0 = Debug|Any CPU
		{98EF8FEA-78EF-49C8-8F41-6026FE38B91A}.Debug|x64.ActiveCfg = Debug|Any CPU
		{98EF8FEA-78EF-49C8-8F41-6026FE38B91A}.Debug|x64.Build.0 = Debug|Any CPU
		{98EF8FEA-78EF-49C8-8F41-6026FE38B91A}.Debug|x86.ActiveCfg = Debug|Any CPU
		{98EF8FEA-78EF-49C8-8F41-6026FE38B91A}.Debug|x86.Build.0 = Debug|Any CPU
		{98EF8FEA-78EF-49C8-8F41-6026FE38B91A}.Release|Any CPU.ActiveCfg = Release|Any CPU
		{98EF8FEA-78EF-49C8-8F41-6026FE38B91A}.Release|Any CPU.Build.0 = Release|Any CPU
		{98EF8FEA-78EF-49C8-8F41-6026FE38B91A}.Release|ARM64.ActiveCfg = Release|Any CPU
		{98EF8FEA-78EF-49C8-8F41-6026FE38B91A}.Release|ARM64.Build.0 = Release|Any CPU
		{98EF8FEA-78EF-49C8-8F41-6026FE38B91A}.Release|x64.ActiveCfg = Release|Any CPU
		{98EF8FEA-78EF-49C8-8F41-6026FE38B91A}.Release|x64.Build.0 = Release|Any CPU
		{98EF8FEA-78EF-49C8-8F41-6026FE38B91A}.Release|x86.ActiveCfg = Release|Any CPU
		{98EF8FEA-78EF-49C8-8F41-6026FE38B91A}.Release|x86.Build.0 = Release|Any CPU
		{6EC4F600-0372-4099-B1F4-EB24D82172DA}.Debug|Any CPU.ActiveCfg = Debug|Any CPU
		{6EC4F600-0372-4099-B1F4-EB24D82172DA}.Debug|Any CPU.Build.0 = Debug|Any CPU
		{6EC4F600-0372-4099-B1F4-EB24D82172DA}.Debug|ARM64.ActiveCfg = Debug|Any CPU
		{6EC4F600-0372-4099-B1F4-EB24D82172DA}.Debug|ARM64.Build.0 = Debug|Any CPU
		{6EC4F600-0372-4099-B1F4-EB24D82172DA}.Debug|x64.ActiveCfg = Debug|Any CPU
		{6EC4F600-0372-4099-B1F4-EB24D82172DA}.Debug|x64.Build.0 = Debug|Any CPU
		{6EC4F600-0372-4099-B1F4-EB24D82172DA}.Debug|x86.ActiveCfg = Debug|Any CPU
		{6EC4F600-0372-4099-B1F4-EB24D82172DA}.Debug|x86.Build.0 = Debug|Any CPU
		{6EC4F600-0372-4099-B1F4-EB24D82172DA}.Release|Any CPU.ActiveCfg = Release|Any CPU
		{6EC4F600-0372-4099-B1F4-EB24D82172DA}.Release|Any CPU.Build.0 = Release|Any CPU
		{6EC4F600-0372-4099-B1F4-EB24D82172DA}.Release|ARM64.ActiveCfg = Release|Any CPU
		{6EC4F600-0372-4099-B1F4-EB24D82172DA}.Release|ARM64.Build.0 = Release|Any CPU
		{6EC4F600-0372-4099-B1F4-EB24D82172DA}.Release|x64.ActiveCfg = Release|Any CPU
		{6EC4F600-0372-4099-B1F4-EB24D82172DA}.Release|x64.Build.0 = Release|Any CPU
		{6EC4F600-0372-4099-B1F4-EB24D82172DA}.Release|x86.ActiveCfg = Release|Any CPU
		{6EC4F600-0372-4099-B1F4-EB24D82172DA}.Release|x86.Build.0 = Release|Any CPU
		{954564BB-3B7C-413D-93DC-C6B254288164}.Debug|Any CPU.ActiveCfg = Debug|Any CPU
		{954564BB-3B7C-413D-93DC-C6B254288164}.Debug|Any CPU.Build.0 = Debug|Any CPU
		{954564BB-3B7C-413D-93DC-C6B254288164}.Debug|ARM64.ActiveCfg = Debug|Any CPU
		{954564BB-3B7C-413D-93DC-C6B254288164}.Debug|ARM64.Build.0 = Debug|Any CPU
		{954564BB-3B7C-413D-93DC-C6B254288164}.Debug|x64.ActiveCfg = Debug|Any CPU
		{954564BB-3B7C-413D-93DC-C6B254288164}.Debug|x64.Build.0 = Debug|Any CPU
		{954564BB-3B7C-413D-93DC-C6B254288164}.Debug|x86.ActiveCfg = Debug|Any CPU
		{954564BB-3B7C-413D-93DC-C6B254288164}.Debug|x86.Build.0 = Debug|Any CPU
		{954564BB-3B7C-413D-93DC-C6B254288164}.Release|Any CPU.ActiveCfg = Release|Any CPU
		{954564BB-3B7C-413D-93DC-C6B254288164}.Release|Any CPU.Build.0 = Release|Any CPU
		{954564BB-3B7C-413D-93DC-C6B254288164}.Release|ARM64.ActiveCfg = Release|Any CPU
		{954564BB-3B7C-413D-93DC-C6B254288164}.Release|ARM64.Build.0 = Release|Any CPU
		{954564BB-3B7C-413D-93DC-C6B254288164}.Release|x64.ActiveCfg = Release|Any CPU
		{954564BB-3B7C-413D-93DC-C6B254288164}.Release|x64.Build.0 = Release|Any CPU
		{954564BB-3B7C-413D-93DC-C6B254288164}.Release|x86.ActiveCfg = Release|Any CPU
		{954564BB-3B7C-413D-93DC-C6B254288164}.Release|x86.Build.0 = Release|Any CPU
		{D1192C1A-166F-4CAA-8EE7-FFB56977D0B4}.Debug|Any CPU.ActiveCfg = Debug|Any CPU
		{D1192C1A-166F-4CAA-8EE7-FFB56977D0B4}.Debug|Any CPU.Build.0 = Debug|Any CPU
		{D1192C1A-166F-4CAA-8EE7-FFB56977D0B4}.Debug|ARM64.ActiveCfg = Debug|Any CPU
		{D1192C1A-166F-4CAA-8EE7-FFB56977D0B4}.Debug|ARM64.Build.0 = Debug|Any CPU
		{D1192C1A-166F-4CAA-8EE7-FFB56977D0B4}.Debug|x64.ActiveCfg = Debug|Any CPU
		{D1192C1A-166F-4CAA-8EE7-FFB56977D0B4}.Debug|x64.Build.0 = Debug|Any CPU
		{D1192C1A-166F-4CAA-8EE7-FFB56977D0B4}.Debug|x86.ActiveCfg = Debug|Any CPU
		{D1192C1A-166F-4CAA-8EE7-FFB56977D0B4}.Debug|x86.Build.0 = Debug|Any CPU
		{D1192C1A-166F-4CAA-8EE7-FFB56977D0B4}.Release|Any CPU.ActiveCfg = Release|Any CPU
		{D1192C1A-166F-4CAA-8EE7-FFB56977D0B4}.Release|Any CPU.Build.0 = Release|Any CPU
		{D1192C1A-166F-4CAA-8EE7-FFB56977D0B4}.Release|ARM64.ActiveCfg = Release|Any CPU
		{D1192C1A-166F-4CAA-8EE7-FFB56977D0B4}.Release|ARM64.Build.0 = Release|Any CPU
		{D1192C1A-166F-4CAA-8EE7-FFB56977D0B4}.Release|x64.ActiveCfg = Release|Any CPU
		{D1192C1A-166F-4CAA-8EE7-FFB56977D0B4}.Release|x64.Build.0 = Release|Any CPU
		{D1192C1A-166F-4CAA-8EE7-FFB56977D0B4}.Release|x86.ActiveCfg = Release|Any CPU
		{D1192C1A-166F-4CAA-8EE7-FFB56977D0B4}.Release|x86.Build.0 = Release|Any CPU
		{A95B95A8-7BA7-4F92-9D6C-0D24F8D1C34A}.Debug|Any CPU.ActiveCfg = Debug|Any CPU
		{A95B95A8-7BA7-4F92-9D6C-0D24F8D1C34A}.Debug|Any CPU.Build.0 = Debug|Any CPU
		{A95B95A8-7BA7-4F92-9D6C-0D24F8D1C34A}.Debug|ARM64.ActiveCfg = Debug|Any CPU
		{A95B95A8-7BA7-4F92-9D6C-0D24F8D1C34A}.Debug|ARM64.Build.0 = Debug|Any CPU
		{A95B95A8-7BA7-4F92-9D6C-0D24F8D1C34A}.Debug|x64.ActiveCfg = Debug|Any CPU
		{A95B95A8-7BA7-4F92-9D6C-0D24F8D1C34A}.Debug|x64.Build.0 = Debug|Any CPU
		{A95B95A8-7BA7-4F92-9D6C-0D24F8D1C34A}.Debug|x86.ActiveCfg = Debug|Any CPU
		{A95B95A8-7BA7-4F92-9D6C-0D24F8D1C34A}.Debug|x86.Build.0 = Debug|Any CPU
		{A95B95A8-7BA7-4F92-9D6C-0D24F8D1C34A}.Release|Any CPU.ActiveCfg = Release|Any CPU
		{A95B95A8-7BA7-4F92-9D6C-0D24F8D1C34A}.Release|Any CPU.Build.0 = Release|Any CPU
		{A95B95A8-7BA7-4F92-9D6C-0D24F8D1C34A}.Release|ARM64.ActiveCfg = Release|Any CPU
		{A95B95A8-7BA7-4F92-9D6C-0D24F8D1C34A}.Release|ARM64.Build.0 = Release|Any CPU
		{A95B95A8-7BA7-4F92-9D6C-0D24F8D1C34A}.Release|x64.ActiveCfg = Release|Any CPU
		{A95B95A8-7BA7-4F92-9D6C-0D24F8D1C34A}.Release|x64.Build.0 = Release|Any CPU
		{A95B95A8-7BA7-4F92-9D6C-0D24F8D1C34A}.Release|x86.ActiveCfg = Release|Any CPU
		{A95B95A8-7BA7-4F92-9D6C-0D24F8D1C34A}.Release|x86.Build.0 = Release|Any CPU
		{6EB9CBDE-FDE1-4E91-B6B0-9E46F9F9B0AA}.Debug|Any CPU.ActiveCfg = Debug|x64
		{6EB9CBDE-FDE1-4E91-B6B0-9E46F9F9B0AA}.Debug|Any CPU.Build.0 = Debug|x64
		{6EB9CBDE-FDE1-4E91-B6B0-9E46F9F9B0AA}.Debug|Any CPU.Deploy.0 = Debug|x64
		{6EB9CBDE-FDE1-4E91-B6B0-9E46F9F9B0AA}.Debug|ARM64.ActiveCfg = Debug|ARM64
		{6EB9CBDE-FDE1-4E91-B6B0-9E46F9F9B0AA}.Debug|ARM64.Build.0 = Debug|ARM64
		{6EB9CBDE-FDE1-4E91-B6B0-9E46F9F9B0AA}.Debug|ARM64.Deploy.0 = Debug|ARM64
		{6EB9CBDE-FDE1-4E91-B6B0-9E46F9F9B0AA}.Debug|x64.ActiveCfg = Debug|x64
		{6EB9CBDE-FDE1-4E91-B6B0-9E46F9F9B0AA}.Debug|x64.Build.0 = Debug|x64
		{6EB9CBDE-FDE1-4E91-B6B0-9E46F9F9B0AA}.Debug|x64.Deploy.0 = Debug|x64
		{6EB9CBDE-FDE1-4E91-B6B0-9E46F9F9B0AA}.Debug|x86.ActiveCfg = Debug|x86
		{6EB9CBDE-FDE1-4E91-B6B0-9E46F9F9B0AA}.Debug|x86.Build.0 = Debug|x86
		{6EB9CBDE-FDE1-4E91-B6B0-9E46F9F9B0AA}.Debug|x86.Deploy.0 = Debug|x86
		{6EB9CBDE-FDE1-4E91-B6B0-9E46F9F9B0AA}.Release|Any CPU.ActiveCfg = Release|x64
		{6EB9CBDE-FDE1-4E91-B6B0-9E46F9F9B0AA}.Release|Any CPU.Build.0 = Release|x64
		{6EB9CBDE-FDE1-4E91-B6B0-9E46F9F9B0AA}.Release|Any CPU.Deploy.0 = Release|x64
		{6EB9CBDE-FDE1-4E91-B6B0-9E46F9F9B0AA}.Release|ARM64.ActiveCfg = Release|ARM64
		{6EB9CBDE-FDE1-4E91-B6B0-9E46F9F9B0AA}.Release|ARM64.Build.0 = Release|ARM64
		{6EB9CBDE-FDE1-4E91-B6B0-9E46F9F9B0AA}.Release|ARM64.Deploy.0 = Release|ARM64
		{6EB9CBDE-FDE1-4E91-B6B0-9E46F9F9B0AA}.Release|x64.ActiveCfg = Release|x64
		{6EB9CBDE-FDE1-4E91-B6B0-9E46F9F9B0AA}.Release|x64.Build.0 = Release|x64
		{6EB9CBDE-FDE1-4E91-B6B0-9E46F9F9B0AA}.Release|x64.Deploy.0 = Release|x64
		{6EB9CBDE-FDE1-4E91-B6B0-9E46F9F9B0AA}.Release|x86.ActiveCfg = Release|x86
		{6EB9CBDE-FDE1-4E91-B6B0-9E46F9F9B0AA}.Release|x86.Build.0 = Release|x86
		{6EB9CBDE-FDE1-4E91-B6B0-9E46F9F9B0AA}.Release|x86.Deploy.0 = Release|x86
		{684FC41D-63B0-4A3E-9FE6-E172FC17716C}.Debug|Any CPU.ActiveCfg = Debug|Any CPU
		{684FC41D-63B0-4A3E-9FE6-E172FC17716C}.Debug|Any CPU.Build.0 = Debug|Any CPU
		{684FC41D-63B0-4A3E-9FE6-E172FC17716C}.Debug|Any CPU.Deploy.0 = Debug|Any CPU
		{684FC41D-63B0-4A3E-9FE6-E172FC17716C}.Debug|ARM64.ActiveCfg = Debug|Any CPU
		{684FC41D-63B0-4A3E-9FE6-E172FC17716C}.Debug|ARM64.Build.0 = Debug|Any CPU
		{684FC41D-63B0-4A3E-9FE6-E172FC17716C}.Debug|ARM64.Deploy.0 = Debug|Any CPU
		{684FC41D-63B0-4A3E-9FE6-E172FC17716C}.Debug|x64.ActiveCfg = Debug|Any CPU
		{684FC41D-63B0-4A3E-9FE6-E172FC17716C}.Debug|x64.Build.0 = Debug|Any CPU
		{684FC41D-63B0-4A3E-9FE6-E172FC17716C}.Debug|x64.Deploy.0 = Debug|Any CPU
		{684FC41D-63B0-4A3E-9FE6-E172FC17716C}.Debug|x86.ActiveCfg = Debug|Any CPU
		{684FC41D-63B0-4A3E-9FE6-E172FC17716C}.Debug|x86.Build.0 = Debug|Any CPU
		{684FC41D-63B0-4A3E-9FE6-E172FC17716C}.Debug|x86.Deploy.0 = Debug|Any CPU
		{684FC41D-63B0-4A3E-9FE6-E172FC17716C}.Release|Any CPU.ActiveCfg = Release|Any CPU
		{684FC41D-63B0-4A3E-9FE6-E172FC17716C}.Release|Any CPU.Build.0 = Release|Any CPU
		{684FC41D-63B0-4A3E-9FE6-E172FC17716C}.Release|Any CPU.Deploy.0 = Release|Any CPU
		{684FC41D-63B0-4A3E-9FE6-E172FC17716C}.Release|ARM64.ActiveCfg = Release|Any CPU
		{684FC41D-63B0-4A3E-9FE6-E172FC17716C}.Release|ARM64.Build.0 = Release|Any CPU
		{684FC41D-63B0-4A3E-9FE6-E172FC17716C}.Release|ARM64.Deploy.0 = Release|Any CPU
		{684FC41D-63B0-4A3E-9FE6-E172FC17716C}.Release|x64.ActiveCfg = Release|Any CPU
		{684FC41D-63B0-4A3E-9FE6-E172FC17716C}.Release|x64.Build.0 = Release|Any CPU
		{684FC41D-63B0-4A3E-9FE6-E172FC17716C}.Release|x64.Deploy.0 = Release|Any CPU
		{684FC41D-63B0-4A3E-9FE6-E172FC17716C}.Release|x86.ActiveCfg = Release|Any CPU
		{684FC41D-63B0-4A3E-9FE6-E172FC17716C}.Release|x86.Build.0 = Release|Any CPU
		{684FC41D-63B0-4A3E-9FE6-E172FC17716C}.Release|x86.Deploy.0 = Release|Any CPU
		{021B0BB8-CEAB-4BC4-AA22-B46AA3D8BFAD}.Debug|Any CPU.ActiveCfg = Debug|x64
		{021B0BB8-CEAB-4BC4-AA22-B46AA3D8BFAD}.Debug|Any CPU.Build.0 = Debug|x64
		{021B0BB8-CEAB-4BC4-AA22-B46AA3D8BFAD}.Debug|Any CPU.Deploy.0 = Debug|x64
		{021B0BB8-CEAB-4BC4-AA22-B46AA3D8BFAD}.Debug|ARM64.ActiveCfg = Debug|ARM64
		{021B0BB8-CEAB-4BC4-AA22-B46AA3D8BFAD}.Debug|ARM64.Build.0 = Debug|ARM64
		{021B0BB8-CEAB-4BC4-AA22-B46AA3D8BFAD}.Debug|ARM64.Deploy.0 = Debug|ARM64
		{021B0BB8-CEAB-4BC4-AA22-B46AA3D8BFAD}.Debug|x64.ActiveCfg = Debug|x64
		{021B0BB8-CEAB-4BC4-AA22-B46AA3D8BFAD}.Debug|x64.Build.0 = Debug|x64
		{021B0BB8-CEAB-4BC4-AA22-B46AA3D8BFAD}.Debug|x64.Deploy.0 = Debug|x64
		{021B0BB8-CEAB-4BC4-AA22-B46AA3D8BFAD}.Debug|x86.ActiveCfg = Debug|x86
		{021B0BB8-CEAB-4BC4-AA22-B46AA3D8BFAD}.Debug|x86.Build.0 = Debug|x86
		{021B0BB8-CEAB-4BC4-AA22-B46AA3D8BFAD}.Debug|x86.Deploy.0 = Debug|x86
		{021B0BB8-CEAB-4BC4-AA22-B46AA3D8BFAD}.Release|Any CPU.ActiveCfg = Release|x64
		{021B0BB8-CEAB-4BC4-AA22-B46AA3D8BFAD}.Release|Any CPU.Build.0 = Release|x64
		{021B0BB8-CEAB-4BC4-AA22-B46AA3D8BFAD}.Release|Any CPU.Deploy.0 = Release|x64
		{021B0BB8-CEAB-4BC4-AA22-B46AA3D8BFAD}.Release|ARM64.ActiveCfg = Release|ARM64
		{021B0BB8-CEAB-4BC4-AA22-B46AA3D8BFAD}.Release|ARM64.Build.0 = Release|ARM64
		{021B0BB8-CEAB-4BC4-AA22-B46AA3D8BFAD}.Release|ARM64.Deploy.0 = Release|ARM64
		{021B0BB8-CEAB-4BC4-AA22-B46AA3D8BFAD}.Release|x64.ActiveCfg = Release|x64
		{021B0BB8-CEAB-4BC4-AA22-B46AA3D8BFAD}.Release|x64.Build.0 = Release|x64
		{021B0BB8-CEAB-4BC4-AA22-B46AA3D8BFAD}.Release|x64.Deploy.0 = Release|x64
		{021B0BB8-CEAB-4BC4-AA22-B46AA3D8BFAD}.Release|x86.ActiveCfg = Release|x86
		{021B0BB8-CEAB-4BC4-AA22-B46AA3D8BFAD}.Release|x86.Build.0 = Release|x86
		{021B0BB8-CEAB-4BC4-AA22-B46AA3D8BFAD}.Release|x86.Deploy.0 = Release|x86
	EndGlobalSection
	GlobalSection(SolutionProperties) = preSolution
		HideSolutionNode = FALSE
	EndGlobalSection
	GlobalSection(ExtensibilityGlobals) = postSolution
		SolutionGuid = {8CA15E28-AD49-4C2D-B763-F66FB7040DB3}
	EndGlobalSection
EndGlobal
