
Microsoft Visual Studio Solution File, Format Version 12.00
# Visual Studio Version 17
VisualStudioVersion = 17.0.32112.339
MinimumVisualStudioVersion = 10.0.40219.1
Project("{9A19103F-16F7-4668-BE54-9A1E7A4F7556}") = "Cli", "Cli\Cli.csproj", "{98EF8FEA-78EF-49C8-8F41-6026FE38B91A}"
EndProject
Project("{9A19103F-16F7-4668-BE54-9A1E7A4F7556}") = "QueueCaster", "QueueCaster\QueueCaster.csproj", "{6EC4F600-0372-4099-B1F4-EB24D82172DA}"
EndProject
Project("{9A19103F-16F7-4668-BE54-9A1E7A4F7556}") = "DLNAMediaRepos", "DLNAMediaRepos\DLNAMediaRepos.csproj", "{954564BB-3B7C-413D-93DC-C6B254288164}"
EndProject
Project("{9A19103F-16F7-4668-BE54-9A1E7A4F7556}") = "ConGui", "ConGui\ConGui.csproj", "{D1192C1A-166F-4CAA-8EE7-FFB56977D0B4}"
EndProject
Project("{9A19103F-16F7-4668-BE54-9A1E7A4F7556}") = "AudioCollection", "AudioCollection\AudioCollection.csproj", "{A95B95A8-7BA7-4F92-9D6C-0D24F8D1C34A}"
EndProject
Global
	GlobalSection(SolutionConfigurationPlatforms) = preSolution
		Debug|Any CPU = Debug|Any CPU
		Release|Any CPU = Release|Any CPU
	EndGlobalSection
	GlobalSection(ProjectConfigurationPlatforms) = postSolution
		{98EF8FEA-78EF-49C8-8F41-6026FE38B91A}.Debug|Any CPU.ActiveCfg = Debug|Any CPU
		{98EF8FEA-78EF-49C8-8F41-6026FE38B91A}.Debug|Any CPU.Build.0 = Debug|Any CPU
		{98EF8FEA-78EF-49C8-8F41-6026FE38B91A}.Release|Any CPU.ActiveCfg = Release|Any CPU
		{98EF8FEA-78EF-49C8-8F41-6026FE38B91A}.Release|Any CPU.Build.0 = Release|Any CPU
		{6EC4F600-0372-4099-B1F4-EB24D82172DA}.Debug|Any CPU.ActiveCfg = Debug|Any CPU
		{6EC4F600-0372-4099-B1F4-EB24D82172DA}.Debug|Any CPU.Build.0 = Debug|Any CPU
		{6EC4F600-0372-4099-B1F4-EB24D82172DA}.Release|Any CPU.ActiveCfg = Release|Any CPU
		{6EC4F600-0372-4099-B1F4-EB24D82172DA}.Release|Any CPU.Build.0 = Release|Any CPU
		{954564BB-3B7C-413D-93DC-C6B254288164}.Debug|Any CPU.ActiveCfg = Debug|Any CPU
		{954564BB-3B7C-413D-93DC-C6B254288164}.Debug|Any CPU.Build.0 = Debug|Any CPU
		{954564BB-3B7C-413D-93DC-C6B254288164}.Release|Any CPU.ActiveCfg = Release|Any CPU
		{954564BB-3B7C-413D-93DC-C6B254288164}.Release|Any CPU.Build.0 = Release|Any CPU
		{D1192C1A-166F-4CAA-8EE7-FFB56977D0B4}.Debug|Any CPU.ActiveCfg = Debug|Any CPU
		{D1192C1A-166F-4CAA-8EE7-FFB56977D0B4}.Debug|Any CPU.Build.0 = Debug|Any CPU
		{D1192C1A-166F-4CAA-8EE7-FFB56977D0B4}.Release|Any CPU.ActiveCfg = Release|Any CPU
		{D1192C1A-166F-4CAA-8EE7-FFB56977D0B4}.Release|Any CPU.Build.0 = Release|Any CPU
		{A95B95A8-7BA7-4F92-9D6C-0D24F8D1C34A}.Debug|Any CPU.ActiveCfg = Debug|Any CPU
		{A95B95A8-7BA7-4F92-9D6C-0D24F8D1C34A}.Debug|Any CPU.Build.0 = Debug|Any CPU
		{A95B95A8-7BA7-4F92-9D6C-0D24F8D1C34A}.Release|Any CPU.ActiveCfg = Release|Any CPU
		{A95B95A8-7BA7-4F92-9D6C-0D24F8D1C34A}.Release|Any CPU.Build.0 = Release|Any CPU
	EndGlobalSection
	GlobalSection(SolutionProperties) = preSolution
		HideSolutionNode = FALSE
	EndGlobalSection
	GlobalSection(ExtensibilityGlobals) = postSolution
		SolutionGuid = {8CA15E28-AD49-4C2D-B763-F66FB7040DB3}
	EndGlobalSection
EndGlobal
